{
  "version": 4,
  "terraform_version": "1.12.2",
  "serial": 577,
  "lineage": "077517ea-b48e-3223-5f62-d4c68902f191",
  "outputs": {},
  "resources": [
    {
      "module": "module.myapp-vpc",
      "mode": "managed",
      "type": "aws_vpc",
      "name": "this",
      "provider": "provider[\"registry.terraform.io/hashicorp/aws\"]",
      "instances": [
        {
          "index_key": 0,
          "schema_version": 1,
          "attributes": {
            "arn": "arn:aws:ec2:us-west-2:571600874279:vpc/vpc-065ecf061465193cd",
            "assign_generated_ipv6_cidr_block": false,
            "cidr_block": "10.0.0.0/16",
            "default_network_acl_id": "acl-08267717cad1186c1",
            "default_route_table_id": "rtb-07c736d0663fe669e",
            "default_security_group_id": "sg-0cb8e35ab25f6daf5",
            "dhcp_options_id": "dopt-07644a1c15b72b263",
            "enable_dns_hostnames": true,
            "enable_dns_support": true,
            "enable_network_address_usage_metrics": false,
            "id": "vpc-065ecf061465193cd",
            "instance_tenancy": "default",
            "ipv4_ipam_pool_id": null,
            "ipv4_netmask_length": null,
            "ipv6_association_id": "",
            "ipv6_cidr_block": "",
            "ipv6_cidr_block_network_border_group": "",
            "ipv6_ipam_pool_id": "",
            "ipv6_netmask_length": 0,
            "main_route_table_id": "rtb-07c736d0663fe669e",
            "owner_id": "571600874279",
            "region": "us-west-2",
            "tags": {
              "Environment": "dev",
              "Name": "dev-vpc",
              "Terraform": "true",
              "kubernetes.io/cluster/dev-eks-cluster": "shared"
            },
            "tags_all": {
              "Environment": "dev",
              "Name": "dev-vpc",
              "Terraform": "true",
              "kubernetes.io/cluster/dev-eks-cluster": "shared"
            }
          },
          "sensitive_attributes": [],
          "identity_schema_version": 0,
          "private": "eyJzY2hlbWFfdmVyc2lvbiI6IjEifQ==",
          "create_before_destroy": true
        }
      ]
    }
  ],
  "check_results": [
    {
      "object_kind": "resource",
      "config_addr": "module.eks.module.self_managed_node_group.module.user_data.null_resource.validate_cluster_service_cidr",
      "status": "unknown",
      "objects": null
    },
    {
      "object_kind": "resource",
      "config_addr": "module.eks.module.eks_managed_node_group.module.user_data.null_resource.validate_cluster_service_cidr",
      "status": "unknown",
      "objects": null
    }
  ]
}
